
Microsoft Visual Studio Solution File, Format Version 12.00
# Visual Studio Version 17
VisualStudioVersion = 17.1.32407.343
MinimumVisualStudioVersion = 10.0.40219.1
Project("{FAE04EC0-301F-11D3-BF4B-00C04F79EFBC}") = "Lab9", "Lab9\Lab9.csproj", "{796A47BF-4E36-4923-942B-865ECAFB8AFA}"
EndProject
Global
	GlobalSection(SolutionConfigurationPlatforms) = preSolution
		Debug|Any CPU = Debug|Any CPU
		Release|Any CPU = Release|Any CPU
	EndGlobalSection
	GlobalSection(ProjectConfigurationPlatforms) = postSolution
		{796A47BF-4E36-4923-942B-865ECAFB8AFA}.Debug|Any CPU.ActiveCfg = Debug|Any CPU
		{796A47BF-4E36-4923-942B-865ECAFB8AFA}.Debug|Any CPU.Build.0 = Debug|Any CPU
		{796A47BF-4E36-4923-942B-865ECAFB8AFA}.Release|Any CPU.ActiveCfg = Release|Any CPU
		{796A47BF-4E36-4923-942B-865ECAFB8AFA}.Release|Any CPU.Build.0 = Release|Any CPU
	EndGlobalSection
	GlobalSection(SolutionProperties) = preSolution
		HideSolutionNode = FALSE
	EndGlobalSection
	GlobalSection(ExtensibilityGlobals) = postSolution
		SolutionGuid = {12EFDADD-37B2-4B00-A478-4999EF705EE1}
	EndGlobalSection
EndGlobal
