
Microsoft Visual Studio Solution File, Format Version 12.00
# Visual Studio Version 17
VisualStudioVersion = 17.5.33414.496
MinimumVisualStudioVersion = 10.0.40219.1
Project("{FAE04EC0-301F-11D3-BF4B-00C04F79EFBC}") = "Лабораторная 3", "Лабораторная 3\Лабораторная 3.csproj", "{27CE3A30-7193-46D2-A38B-D97A9AFDDC3C}"
EndProject
Global
	GlobalSection(SolutionConfigurationPlatforms) = preSolution
		Debug|Any CPU = Debug|Any CPU
		Release|Any CPU = Release|Any CPU
	EndGlobalSection
	GlobalSection(ProjectConfigurationPlatforms) = postSolution
		{27CE3A30-7193-46D2-A38B-D97A9AFDDC3C}.Debug|Any CPU.ActiveCfg = Debug|Any CPU
		{27CE3A30-7193-46D2-A38B-D97A9AFDDC3C}.Debug|Any CPU.Build.0 = Debug|Any CPU
		{27CE3A30-7193-46D2-A38B-D97A9AFDDC3C}.Release|Any CPU.ActiveCfg = Release|Any CPU
		{27CE3A30-7193-46D2-A38B-D97A9AFDDC3C}.Release|Any CPU.Build.0 = Release|Any CPU
	EndGlobalSection
	GlobalSection(SolutionProperties) = preSolution
		HideSolutionNode = FALSE
	EndGlobalSection
	GlobalSection(ExtensibilityGlobals) = postSolution
		SolutionGuid = {45943A0F-CA2B-428D-8D50-843DA29ED187}
	EndGlobalSection
EndGlobal
